
Microsoft Visual Studio Solution File, Format Version 12.00
# Visual Studio Version 16
VisualStudioVersion = 16.0.31321.278
MinimumVisualStudioVersion = 10.0.40219.1
Project("{FAE04EC0-301F-11D3-BF4B-00C04F79EFBC}") = "LatencyAPI", "LatencyAPI.csproj", "{227F8325-F15D-442D-9DFB-D4DA3C8FBD6C}"
EndProject
Project("{FAE04EC0-301F-11D3-BF4B-00C04F79EFBC}") = "LatencyAPI.Tests", "..\LatencyAPI.Tests\LatencyAPI.Tests.csproj", "{9691C87A-0B78-4B2B-B725-2A16949F00F4}"
EndProject
Global
	GlobalSection(SolutionConfigurationPlatforms) = preSolution
		Debug|Any CPU = Debug|Any CPU
		Release|Any CPU = Release|Any CPU
	EndGlobalSection
	GlobalSection(ProjectConfigurationPlatforms) = postSolution
		{227F8325-F15D-442D-9DFB-D4DA3C8FBD6C}.Debug|Any CPU.ActiveCfg = Debug|Any CPU
		{227F8325-F15D-442D-9DFB-D4DA3C8FBD6C}.Debug|Any CPU.Build.0 = Debug|Any CPU
		{227F8325-F15D-442D-9DFB-D4DA3C8FBD6C}.Release|Any CPU.ActiveCfg = Release|Any CPU
		{227F8325-F15D-442D-9DFB-D4DA3C8FBD6C}.Release|Any CPU.Build.0 = Release|Any CPU
		{9691C87A-0B78-4B2B-B725-2A16949F00F4}.Debug|Any CPU.ActiveCfg = Debug|Any CPU
		{9691C87A-0B78-4B2B-B725-2A16949F00F4}.Debug|Any CPU.Build.0 = Debug|Any CPU
		{9691C87A-0B78-4B2B-B725-2A16949F00F4}.Release|Any CPU.ActiveCfg = Release|Any CPU
		{9691C87A-0B78-4B2B-B725-2A16949F00F4}.Release|Any CPU.Build.0 = Release|Any CPU
	EndGlobalSection
	GlobalSection(SolutionProperties) = preSolution
		HideSolutionNode = FALSE
	EndGlobalSection
	GlobalSection(ExtensibilityGlobals) = postSolution
		SolutionGuid = {A525A45C-AFC8-4333-8D55-295010D6D2E3}
	EndGlobalSection
EndGlobal
